
Microsoft Visual Studio Solution File, Format Version 12.00
# Visual Studio 15
VisualStudioVersion = 15.0.27130.2024
MinimumVisualStudioVersion = 10.0.40219.1
Project("{FAE04EC0-301F-11D3-BF4B-00C04F79EFBC}") = "ClassExamples", "ClassExamples\ClassExamples.csproj", "{31C47425-5015-4F62-A961-C3AD25E8C0F1}"
EndProject
Project("{FAE04EC0-301F-11D3-BF4B-00C04F79EFBC}") = "ClassExamples.App", "ClassExamples.App\ClassExamples.App.csproj", "{968D8B2A-F1B5-4E02-97A1-2F16CA57B525}"
EndProject
Project("{FAE04EC0-301F-11D3-BF4B-00C04F79EFBC}") = "Enums", "Enums\Enums.csproj", "{7A7896C3-8B57-4965-9127-53D861E9E7F8}"
EndProject
Project("{FAE04EC0-301F-11D3-BF4B-00C04F79EFBC}") = "Statics", "Statics\Statics.csproj", "{154B1403-F01D-4A44-A83A-F88A8DBB02CA}"
EndProject
Project("{FAE04EC0-301F-11D3-BF4B-00C04F79EFBC}") = "Exceptions", "Exceptions\Exceptions.csproj", "{6ED960D4-E7FE-46EC-8FA6-E7FD5D8DA32B}"
EndProject
Project("{FAE04EC0-301F-11D3-BF4B-00C04F79EFBC}") = "Properties", "Properties\Properties.csproj", "{A9A337E5-5AAD-415B-AF95-A85702E0DFB0}"
EndProject
Project("{FAE04EC0-301F-11D3-BF4B-00C04F79EFBC}") = "Methods", "Methods\Methods.csproj", "{40DBDEC1-870D-4CCE-9EC3-E101E0AC8428}"
EndProject
Project("{FAE04EC0-301F-11D3-BF4B-00C04F79EFBC}") = "ValueTypes", "ValueTypes\ValueTypes.csproj", "{9942B770-2CA4-4CD5-8F37-7C2C6524A7E5}"
EndProject
Project("{FAE04EC0-301F-11D3-BF4B-00C04F79EFBC}") = "Delegates", "Delegates\Delegates.csproj", "{BD501CA3-CABF-4A11-ACAB-2DC9C1365C1D}"
EndProject
Project("{FAE04EC0-301F-11D3-BF4B-00C04F79EFBC}") = "ClassExamples.UnitTests", "ClassExamples.UnitTests\ClassExamples.UnitTests.csproj", "{A64F98E9-7A24-4D8D-917A-168CCE21EE5C}"
EndProject
Project("{FAE04EC0-301F-11D3-BF4B-00C04F79EFBC}") = "Interfaces", "Interfaces\Interfaces.csproj", "{E6428D8B-5C1E-487B-AA96-1B55EF7E2D4C}"
EndProject
Project("{FAE04EC0-301F-11D3-BF4B-00C04F79EFBC}") = "Disposers", "Disposers\Disposers.csproj", "{3669214F-5D76-437B-8509-E12798798C25}"
EndProject
Project("{FAE04EC0-301F-11D3-BF4B-00C04F79EFBC}") = "Enumerables", "Enumerables\Enumerables.csproj", "{D7B0B491-754D-429A-9928-2B83ACA2A3C0}"
EndProject
Project("{FAE04EC0-301F-11D3-BF4B-00C04F79EFBC}") = "TypeConversions", "TypeConversions\TypeConversions.csproj", "{8CB742DA-31BC-4187-A043-380372C43436}"
EndProject
Project("{FAE04EC0-301F-11D3-BF4B-00C04F79EFBC}") = "Generics", "Generics\Generics.csproj", "{EC691148-D50C-417C-A4C0-D3DDC7E6483A}"
EndProject
Project("{FAE04EC0-301F-11D3-BF4B-00C04F79EFBC}") = "FileIO", "FileIO\FileIO.csproj", "{9570BC12-7E4A-4E9E-9DFB-FB8B7FF05F9F}"
EndProject
Project("{FAE04EC0-301F-11D3-BF4B-00C04F79EFBC}") = "DataStructures", "DataStructures\DataStructures.csproj", "{43475681-C17F-4235-97E7-5D2A16D71CFC}"
EndProject
Project("{FAE04EC0-301F-11D3-BF4B-00C04F79EFBC}") = "AdvancedFileIO", "AdvancedFileIO\AdvancedFileIO.csproj", "{97B0EC66-0C6F-4221-B737-48417484DCCD}"
EndProject
Project("{FAE04EC0-301F-11D3-BF4B-00C04F79EFBC}") = "XmlIO", "XmlIO\XmlIO.csproj", "{13B97D2F-2331-4011-9938-982F0BA5E6BE}"
EndProject
Project("{2150E333-8FDC-42A3-9474-1A3956D46DE8}") = "Threads", "Threads", "{9EB0753D-17BE-44AA-B2C6-9DDFEFA1EC5D}"
EndProject
Project("{FAE04EC0-301F-11D3-BF4B-00C04F79EFBC}") = "AlarmClock", "AlarmClock\AlarmClock.csproj", "{00C63B19-BBB6-4A85-BBE5-B6A5C1011484}"
EndProject
Project("{FAE04EC0-301F-11D3-BF4B-00C04F79EFBC}") = "AsyncDemo", "AsyncDemo\AsyncDemo.csproj", "{72C73AA0-877B-42EC-AC5E-0A80E3F8130B}"
EndProject
Project("{FAE04EC0-301F-11D3-BF4B-00C04F79EFBC}") = "AwaitDemo", "AwaitDemo\AwaitDemo.csproj", "{E12E5F57-FE36-4C4B-A037-60C3E044D697}"
EndProject
Project("{FAE04EC0-301F-11D3-BF4B-00C04F79EFBC}") = "MultiThreading", "MultiThreading\MultiThreading.csproj", "{C814C590-1B3A-4EC4-9650-87A350AAE7B6}"
EndProject
Project("{FAE04EC0-301F-11D3-BF4B-00C04F79EFBC}") = "MutexDemo", "MutexDemo\MutexDemo.csproj", "{28B81A63-7D16-4173-A759-503ECD3CC6EB}"
EndProject
Global
	GlobalSection(SolutionConfigurationPlatforms) = preSolution
		Debug|Any CPU = Debug|Any CPU
		Release|Any CPU = Release|Any CPU
	EndGlobalSection
	GlobalSection(ProjectConfigurationPlatforms) = postSolution
		{31C47425-5015-4F62-A961-C3AD25E8C0F1}.Debug|Any CPU.ActiveCfg = Debug|Any CPU
		{31C47425-5015-4F62-A961-C3AD25E8C0F1}.Debug|Any CPU.Build.0 = Debug|Any CPU
		{31C47425-5015-4F62-A961-C3AD25E8C0F1}.Release|Any CPU.ActiveCfg = Release|Any CPU
		{31C47425-5015-4F62-A961-C3AD25E8C0F1}.Release|Any CPU.Build.0 = Release|Any CPU
		{968D8B2A-F1B5-4E02-97A1-2F16CA57B525}.Debug|Any CPU.ActiveCfg = Debug|Any CPU
		{968D8B2A-F1B5-4E02-97A1-2F16CA57B525}.Debug|Any CPU.Build.0 = Debug|Any CPU
		{968D8B2A-F1B5-4E02-97A1-2F16CA57B525}.Release|Any CPU.ActiveCfg = Release|Any CPU
		{968D8B2A-F1B5-4E02-97A1-2F16CA57B525}.Release|Any CPU.Build.0 = Release|Any CPU
		{7A7896C3-8B57-4965-9127-53D861E9E7F8}.Debug|Any CPU.ActiveCfg = Debug|Any CPU
		{7A7896C3-8B57-4965-9127-53D861E9E7F8}.Debug|Any CPU.Build.0 = Debug|Any CPU
		{7A7896C3-8B57-4965-9127-53D861E9E7F8}.Release|Any CPU.ActiveCfg = Release|Any CPU
		{7A7896C3-8B57-4965-9127-53D861E9E7F8}.Release|Any CPU.Build.0 = Release|Any CPU
		{154B1403-F01D-4A44-A83A-F88A8DBB02CA}.Debug|Any CPU.ActiveCfg = Debug|Any CPU
		{154B1403-F01D-4A44-A83A-F88A8DBB02CA}.Debug|Any CPU.Build.0 = Debug|Any CPU
		{154B1403-F01D-4A44-A83A-F88A8DBB02CA}.Release|Any CPU.ActiveCfg = Release|Any CPU
		{154B1403-F01D-4A44-A83A-F88A8DBB02CA}.Release|Any CPU.Build.0 = Release|Any CPU
		{6ED960D4-E7FE-46EC-8FA6-E7FD5D8DA32B}.Debug|Any CPU.ActiveCfg = Debug|Any CPU
		{6ED960D4-E7FE-46EC-8FA6-E7FD5D8DA32B}.Debug|Any CPU.Build.0 = Debug|Any CPU
		{6ED960D4-E7FE-46EC-8FA6-E7FD5D8DA32B}.Release|Any CPU.ActiveCfg = Release|Any CPU
		{6ED960D4-E7FE-46EC-8FA6-E7FD5D8DA32B}.Release|Any CPU.Build.0 = Release|Any CPU
		{A9A337E5-5AAD-415B-AF95-A85702E0DFB0}.Debug|Any CPU.ActiveCfg = Debug|Any CPU
		{A9A337E5-5AAD-415B-AF95-A85702E0DFB0}.Debug|Any CPU.Build.0 = Debug|Any CPU
		{A9A337E5-5AAD-415B-AF95-A85702E0DFB0}.Release|Any CPU.ActiveCfg = Release|Any CPU
		{A9A337E5-5AAD-415B-AF95-A85702E0DFB0}.Release|Any CPU.Build.0 = Release|Any CPU
		{40DBDEC1-870D-4CCE-9EC3-E101E0AC8428}.Debug|Any CPU.ActiveCfg = Debug|Any CPU
		{40DBDEC1-870D-4CCE-9EC3-E101E0AC8428}.Debug|Any CPU.Build.0 = Debug|Any CPU
		{40DBDEC1-870D-4CCE-9EC3-E101E0AC8428}.Release|Any CPU.ActiveCfg = Release|Any CPU
		{40DBDEC1-870D-4CCE-9EC3-E101E0AC8428}.Release|Any CPU.Build.0 = Release|Any CPU
		{9942B770-2CA4-4CD5-8F37-7C2C6524A7E5}.Debug|Any CPU.ActiveCfg = Debug|Any CPU
		{9942B770-2CA4-4CD5-8F37-7C2C6524A7E5}.Debug|Any CPU.Build.0 = Debug|Any CPU
		{9942B770-2CA4-4CD5-8F37-7C2C6524A7E5}.Release|Any CPU.ActiveCfg = Release|Any CPU
		{9942B770-2CA4-4CD5-8F37-7C2C6524A7E5}.Release|Any CPU.Build.0 = Release|Any CPU
		{BD501CA3-CABF-4A11-ACAB-2DC9C1365C1D}.Debug|Any CPU.ActiveCfg = Debug|Any CPU
		{BD501CA3-CABF-4A11-ACAB-2DC9C1365C1D}.Debug|Any CPU.Build.0 = Debug|Any CPU
		{BD501CA3-CABF-4A11-ACAB-2DC9C1365C1D}.Release|Any CPU.ActiveCfg = Release|Any CPU
		{BD501CA3-CABF-4A11-ACAB-2DC9C1365C1D}.Release|Any CPU.Build.0 = Release|Any CPU
		{A64F98E9-7A24-4D8D-917A-168CCE21EE5C}.Debug|Any CPU.ActiveCfg = Debug|Any CPU
		{A64F98E9-7A24-4D8D-917A-168CCE21EE5C}.Debug|Any CPU.Build.0 = Debug|Any CPU
		{A64F98E9-7A24-4D8D-917A-168CCE21EE5C}.Release|Any CPU.ActiveCfg = Release|Any CPU
		{A64F98E9-7A24-4D8D-917A-168CCE21EE5C}.Release|Any CPU.Build.0 = Release|Any CPU
		{E6428D8B-5C1E-487B-AA96-1B55EF7E2D4C}.Debug|Any CPU.ActiveCfg = Debug|Any CPU
		{E6428D8B-5C1E-487B-AA96-1B55EF7E2D4C}.Debug|Any CPU.Build.0 = Debug|Any CPU
		{E6428D8B-5C1E-487B-AA96-1B55EF7E2D4C}.Release|Any CPU.ActiveCfg = Release|Any CPU
		{E6428D8B-5C1E-487B-AA96-1B55EF7E2D4C}.Release|Any CPU.Build.0 = Release|Any CPU
		{3669214F-5D76-437B-8509-E12798798C25}.Debug|Any CPU.ActiveCfg = Debug|Any CPU
		{3669214F-5D76-437B-8509-E12798798C25}.Debug|Any CPU.Build.0 = Debug|Any CPU
		{3669214F-5D76-437B-8509-E12798798C25}.Release|Any CPU.ActiveCfg = Release|Any CPU
		{3669214F-5D76-437B-8509-E12798798C25}.Release|Any CPU.Build.0 = Release|Any CPU
		{D7B0B491-754D-429A-9928-2B83ACA2A3C0}.Debug|Any CPU.ActiveCfg = Debug|Any CPU
		{D7B0B491-754D-429A-9928-2B83ACA2A3C0}.Debug|Any CPU.Build.0 = Debug|Any CPU
		{D7B0B491-754D-429A-9928-2B83ACA2A3C0}.Release|Any CPU.ActiveCfg = Release|Any CPU
		{D7B0B491-754D-429A-9928-2B83ACA2A3C0}.Release|Any CPU.Build.0 = Release|Any CPU
		{8CB742DA-31BC-4187-A043-380372C43436}.Debug|Any CPU.ActiveCfg = Debug|Any CPU
		{8CB742DA-31BC-4187-A043-380372C43436}.Debug|Any CPU.Build.0 = Debug|Any CPU
		{8CB742DA-31BC-4187-A043-380372C43436}.Release|Any CPU.ActiveCfg = Release|Any CPU
		{8CB742DA-31BC-4187-A043-380372C43436}.Release|Any CPU.Build.0 = Release|Any CPU
		{EC691148-D50C-417C-A4C0-D3DDC7E6483A}.Debug|Any CPU.ActiveCfg = Debug|Any CPU
		{EC691148-D50C-417C-A4C0-D3DDC7E6483A}.Debug|Any CPU.Build.0 = Debug|Any CPU
		{EC691148-D50C-417C-A4C0-D3DDC7E6483A}.Release|Any CPU.ActiveCfg = Release|Any CPU
		{EC691148-D50C-417C-A4C0-D3DDC7E6483A}.Release|Any CPU.Build.0 = Release|Any CPU
		{9570BC12-7E4A-4E9E-9DFB-FB8B7FF05F9F}.Debug|Any CPU.ActiveCfg = Debug|Any CPU
		{9570BC12-7E4A-4E9E-9DFB-FB8B7FF05F9F}.Debug|Any CPU.Build.0 = Debug|Any CPU
		{9570BC12-7E4A-4E9E-9DFB-FB8B7FF05F9F}.Release|Any CPU.ActiveCfg = Release|Any CPU
		{9570BC12-7E4A-4E9E-9DFB-FB8B7FF05F9F}.Release|Any CPU.Build.0 = Release|Any CPU
		{43475681-C17F-4235-97E7-5D2A16D71CFC}.Debug|Any CPU.ActiveCfg = Debug|Any CPU
		{43475681-C17F-4235-97E7-5D2A16D71CFC}.Debug|Any CPU.Build.0 = Debug|Any CPU
		{43475681-C17F-4235-97E7-5D2A16D71CFC}.Release|Any CPU.ActiveCfg = Release|Any CPU
		{43475681-C17F-4235-97E7-5D2A16D71CFC}.Release|Any CPU.Build.0 = Release|Any CPU
		{97B0EC66-0C6F-4221-B737-48417484DCCD}.Debug|Any CPU.ActiveCfg = Debug|Any CPU
		{97B0EC66-0C6F-4221-B737-48417484DCCD}.Debug|Any CPU.Build.0 = Debug|Any CPU
		{97B0EC66-0C6F-4221-B737-48417484DCCD}.Release|Any CPU.ActiveCfg = Release|Any CPU
		{97B0EC66-0C6F-4221-B737-48417484DCCD}.Release|Any CPU.Build.0 = Release|Any CPU
		{13B97D2F-2331-4011-9938-982F0BA5E6BE}.Debug|Any CPU.ActiveCfg = Debug|Any CPU
		{13B97D2F-2331-4011-9938-982F0BA5E6BE}.Debug|Any CPU.Build.0 = Debug|Any CPU
		{13B97D2F-2331-4011-9938-982F0BA5E6BE}.Release|Any CPU.ActiveCfg = Release|Any CPU
		{13B97D2F-2331-4011-9938-982F0BA5E6BE}.Release|Any CPU.Build.0 = Release|Any CPU
		{00C63B19-BBB6-4A85-BBE5-B6A5C1011484}.Debug|Any CPU.ActiveCfg = Debug|Any CPU
		{00C63B19-BBB6-4A85-BBE5-B6A5C1011484}.Debug|Any CPU.Build.0 = Debug|Any CPU
		{00C63B19-BBB6-4A85-BBE5-B6A5C1011484}.Release|Any CPU.ActiveCfg = Release|Any CPU
		{00C63B19-BBB6-4A85-BBE5-B6A5C1011484}.Release|Any CPU.Build.0 = Release|Any CPU
		{72C73AA0-877B-42EC-AC5E-0A80E3F8130B}.Debug|Any CPU.ActiveCfg = Debug|Any CPU
		{72C73AA0-877B-42EC-AC5E-0A80E3F8130B}.Debug|Any CPU.Build.0 = Debug|Any CPU
		{72C73AA0-877B-42EC-AC5E-0A80E3F8130B}.Release|Any CPU.ActiveCfg = Release|Any CPU
		{72C73AA0-877B-42EC-AC5E-0A80E3F8130B}.Release|Any CPU.Build.0 = Release|Any CPU
		{E12E5F57-FE36-4C4B-A037-60C3E044D697}.Debug|Any CPU.ActiveCfg = Debug|Any CPU
		{E12E5F57-FE36-4C4B-A037-60C3E044D697}.Debug|Any CPU.Build.0 = Debug|Any CPU
		{E12E5F57-FE36-4C4B-A037-60C3E044D697}.Release|Any CPU.ActiveCfg = Release|Any CPU
		{E12E5F57-FE36-4C4B-A037-60C3E044D697}.Release|Any CPU.Build.0 = Release|Any CPU
		{C814C590-1B3A-4EC4-9650-87A350AAE7B6}.Debug|Any CPU.ActiveCfg = Debug|Any CPU
		{C814C590-1B3A-4EC4-9650-87A350AAE7B6}.Debug|Any CPU.Build.0 = Debug|Any CPU
		{C814C590-1B3A-4EC4-9650-87A350AAE7B6}.Release|Any CPU.ActiveCfg = Release|Any CPU
		{C814C590-1B3A-4EC4-9650-87A350AAE7B6}.Release|Any CPU.Build.0 = Release|Any CPU
		{28B81A63-7D16-4173-A759-503ECD3CC6EB}.Debug|Any CPU.ActiveCfg = Debug|Any CPU
		{28B81A63-7D16-4173-A759-503ECD3CC6EB}.Debug|Any CPU.Build.0 = Debug|Any CPU
		{28B81A63-7D16-4173-A759-503ECD3CC6EB}.Release|Any CPU.ActiveCfg = Release|Any CPU
		{28B81A63-7D16-4173-A759-503ECD3CC6EB}.Release|Any CPU.Build.0 = Release|Any CPU
	EndGlobalSection
	GlobalSection(SolutionProperties) = preSolution
		HideSolutionNode = FALSE
	EndGlobalSection
	GlobalSection(NestedProjects) = preSolution
		{00C63B19-BBB6-4A85-BBE5-B6A5C1011484} = {9EB0753D-17BE-44AA-B2C6-9DDFEFA1EC5D}
		{72C73AA0-877B-42EC-AC5E-0A80E3F8130B} = {9EB0753D-17BE-44AA-B2C6-9DDFEFA1EC5D}
		{E12E5F57-FE36-4C4B-A037-60C3E044D697} = {9EB0753D-17BE-44AA-B2C6-9DDFEFA1EC5D}
		{C814C590-1B3A-4EC4-9650-87A350AAE7B6} = {9EB0753D-17BE-44AA-B2C6-9DDFEFA1EC5D}
		{28B81A63-7D16-4173-A759-503ECD3CC6EB} = {9EB0753D-17BE-44AA-B2C6-9DDFEFA1EC5D}
	EndGlobalSection
	GlobalSection(ExtensibilityGlobals) = postSolution
		SolutionGuid = {28F3E3D0-76A4-41FB-AF64-B05CE4E4275A}
	EndGlobalSection
EndGlobal
