
Microsoft Visual Studio Solution File, Format Version 12.00
# Visual Studio 15
VisualStudioVersion = 15.0.27130.2024
MinimumVisualStudioVersion = 10.0.40219.1
Project("{FAE04EC0-301F-11D3-BF4B-00C04F79EFBC}") = "WordCounterConsole", "WordCounterConsole\WordCounterConsole.csproj", "{99612B4F-C6A0-4C34-BA3D-5A7BAC210839}"
EndProject
Project("{FAE04EC0-301F-11D3-BF4B-00C04F79EFBC}") = "TextAnalyzers.Lib", "TextAnalyzers.Lib\TextAnalyzers.Lib.csproj", "{96A885AF-0883-4BEA-990E-36D370E745DD}"
EndProject
Project("{FAE04EC0-301F-11D3-BF4B-00C04F79EFBC}") = "TextAnalyzer", "TextAnalyzer\TextAnalyzer.csproj", "{46F86C6C-0074-44E2-A83A-D22179FC46CF}"
EndProject
Global
	GlobalSection(Performance) = preSolution
		HasPerformanceSessions = true
	EndGlobalSection
	GlobalSection(SolutionConfigurationPlatforms) = preSolution
		Debug|Any CPU = Debug|Any CPU
		Release|Any CPU = Release|Any CPU
	EndGlobalSection
	GlobalSection(ProjectConfigurationPlatforms) = postSolution
		{99612B4F-C6A0-4C34-BA3D-5A7BAC210839}.Debug|Any CPU.ActiveCfg = Debug|Any CPU
		{99612B4F-C6A0-4C34-BA3D-5A7BAC210839}.Debug|Any CPU.Build.0 = Debug|Any CPU
		{99612B4F-C6A0-4C34-BA3D-5A7BAC210839}.Release|Any CPU.ActiveCfg = Release|Any CPU
		{99612B4F-C6A0-4C34-BA3D-5A7BAC210839}.Release|Any CPU.Build.0 = Release|Any CPU
		{96A885AF-0883-4BEA-990E-36D370E745DD}.Debug|Any CPU.ActiveCfg = Debug|Any CPU
		{96A885AF-0883-4BEA-990E-36D370E745DD}.Debug|Any CPU.Build.0 = Debug|Any CPU
		{96A885AF-0883-4BEA-990E-36D370E745DD}.Release|Any CPU.ActiveCfg = Release|Any CPU
		{96A885AF-0883-4BEA-990E-36D370E745DD}.Release|Any CPU.Build.0 = Release|Any CPU
		{46F86C6C-0074-44E2-A83A-D22179FC46CF}.Debug|Any CPU.ActiveCfg = Debug|Any CPU
		{46F86C6C-0074-44E2-A83A-D22179FC46CF}.Debug|Any CPU.Build.0 = Debug|Any CPU
		{46F86C6C-0074-44E2-A83A-D22179FC46CF}.Release|Any CPU.ActiveCfg = Release|Any CPU
		{46F86C6C-0074-44E2-A83A-D22179FC46CF}.Release|Any CPU.Build.0 = Release|Any CPU
	EndGlobalSection
	GlobalSection(SolutionProperties) = preSolution
		HideSolutionNode = FALSE
	EndGlobalSection
	GlobalSection(ExtensibilityGlobals) = postSolution
		SolutionGuid = {8C485C61-46BD-4AD5-AAD6-2A031E06BFF1}
	EndGlobalSection
EndGlobal
